
Microsoft Visual Studio Solution File, Format Version 12.00
# Visual Studio Version 17
VisualStudioVersion = 17.6.33815.320
MinimumVisualStudioVersion = 10.0.40219.1
Project("{8BC9CEB8-8B4A-11D0-8D11-00A0C91BC942}") = "Chat", "Chat\Chat.vcxproj", "{C5655BEB-3102-4713-85A0-279E841D6951}"
EndProject
Global
	GlobalSection(SolutionConfigurationPlatforms) = preSolution
		Debug|x64 = Debug|x64
		Debug|x86 = Debug|x86
		Release|x64 = Release|x64
		Release|x86 = Release|x86
	EndGlobalSection
	GlobalSection(ProjectConfigurationPlatforms) = postSolution
		{C5655BEB-3102-4713-85A0-279E841D6951}.Debug|x64.ActiveCfg = Debug|x64
		{C5655BEB-3102-4713-85A0-279E841D6951}.Debug|x64.Build.0 = Debug|x64
		{C5655BEB-3102-4713-85A0-279E841D6951}.Debug|x86.ActiveCfg = Debug|Win32
		{C5655BEB-3102-4713-85A0-279E841D6951}.Debug|x86.Build.0 = Debug|Win32
		{C5655BEB-3102-4713-85A0-279E841D6951}.Release|x64.ActiveCfg = Release|x64
		{C5655BEB-3102-4713-85A0-279E841D6951}.Release|x64.Build.0 = Release|x64
		{C5655BEB-3102-4713-85A0-279E841D6951}.Release|x86.ActiveCfg = Release|Win32
		{C5655BEB-3102-4713-85A0-279E841D6951}.Release|x86.Build.0 = Release|Win32
	EndGlobalSection
	GlobalSection(SolutionProperties) = preSolution
		HideSolutionNode = FALSE
	EndGlobalSection
	GlobalSection(ExtensibilityGlobals) = postSolution
		SolutionGuid = {4D392DD4-222C-4513-BAE9-BFA52B4C8006}
	EndGlobalSection
EndGlobal
